{
  "originHash" : "767f51fc25d7b6dd6c507ace29d1c11383759321b66e72729c40ae76d7cd7ad9",
  "pins" : [
    {
      "identity" : "applovin-max-swift-package",
      "kind" : "remoteSourceControl",
      "location" : "https://github.com/AppLovin/AppLovin-MAX-Swift-Package",
      "state" : {
        "revision" : "02544c3400d228cce5718e22f71f8d02787ba91e",
        "version" : "13.6.4"
      }
    }
  ],
  "version" : 3
}
